
Microsoft Visual Studio Solution File, Format Version 12.00
# Visual Studio Version 16
VisualStudioVersion = 16.0.29519.181
MinimumVisualStudioVersion = 10.0.40219.1
Project("{FAE04EC0-301F-11D3-BF4B-00C04F79EFBC}") = "Day2", "Day2\Day2.csproj", "{1C3B7B9A-55DE-496B-84B4-F5EC6B72849D}"
EndProject
Project("{FAE04EC0-301F-11D3-BF4B-00C04F79EFBC}") = "Day2.Tests", "Day2.Tests\Day2.Tests.csproj", "{B4183954-5DB0-42DE-90FD-817E7935F568}"
EndProject
Global
	GlobalSection(SolutionConfigurationPlatforms) = preSolution
		Debug|Any CPU = Debug|Any CPU
		Release|Any CPU = Release|Any CPU
	EndGlobalSection
	GlobalSection(ProjectConfigurationPlatforms) = postSolution
		{1C3B7B9A-55DE-496B-84B4-F5EC6B72849D}.Debug|Any CPU.ActiveCfg = Debug|Any CPU
		{1C3B7B9A-55DE-496B-84B4-F5EC6B72849D}.Debug|Any CPU.Build.0 = Debug|Any CPU
		{1C3B7B9A-55DE-496B-84B4-F5EC6B72849D}.Release|Any CPU.ActiveCfg = Release|Any CPU
		{1C3B7B9A-55DE-496B-84B4-F5EC6B72849D}.Release|Any CPU.Build.0 = Release|Any CPU
		{B4183954-5DB0-42DE-90FD-817E7935F568}.Debug|Any CPU.ActiveCfg = Debug|Any CPU
		{B4183954-5DB0-42DE-90FD-817E7935F568}.Debug|Any CPU.Build.0 = Debug|Any CPU
		{B4183954-5DB0-42DE-90FD-817E7935F568}.Release|Any CPU.ActiveCfg = Release|Any CPU
		{B4183954-5DB0-42DE-90FD-817E7935F568}.Release|Any CPU.Build.0 = Release|Any CPU
	EndGlobalSection
	GlobalSection(SolutionProperties) = preSolution
		HideSolutionNode = FALSE
	EndGlobalSection
	GlobalSection(ExtensibilityGlobals) = postSolution
		SolutionGuid = {D2C02B74-58AC-45D5-952F-7766AC73B277}
	EndGlobalSection
EndGlobal
