
Microsoft Visual Studio Solution File, Format Version 12.00
# Visual Studio Version 16
VisualStudioVersion = 16.0.29418.71
MinimumVisualStudioVersion = 10.0.40219.1
Project("{FAE04EC0-301F-11D3-BF4B-00C04F79EFBC}") = "Day3", "Day3\Day3.csproj", "{93CE4D91-550D-4B8F-8C9A-2D2BDF213865}"
EndProject
Project("{FAE04EC0-301F-11D3-BF4B-00C04F79EFBC}") = "Day3.Tests", "Day3.Tests\Day3.Tests.csproj", "{5EBF1DA3-845A-4CC1-BD98-870693326ABA}"
EndProject
Project("{2150E333-8FDC-42A3-9474-1A3956D46DE8}") = "Solution Items", "Solution Items", "{91EDF62A-C113-4901-A50A-5C332C7BF8CF}"
	ProjectSection(SolutionItems) = preProject
		Directory.Build.props = Directory.Build.props
	EndProjectSection
EndProject
Global
	GlobalSection(SolutionConfigurationPlatforms) = preSolution
		Debug|Any CPU = Debug|Any CPU
		Release|Any CPU = Release|Any CPU
	EndGlobalSection
	GlobalSection(ProjectConfigurationPlatforms) = postSolution
		{93CE4D91-550D-4B8F-8C9A-2D2BDF213865}.Debug|Any CPU.ActiveCfg = Debug|Any CPU
		{93CE4D91-550D-4B8F-8C9A-2D2BDF213865}.Debug|Any CPU.Build.0 = Debug|Any CPU
		{93CE4D91-550D-4B8F-8C9A-2D2BDF213865}.Release|Any CPU.ActiveCfg = Release|Any CPU
		{93CE4D91-550D-4B8F-8C9A-2D2BDF213865}.Release|Any CPU.Build.0 = Release|Any CPU
		{5EBF1DA3-845A-4CC1-BD98-870693326ABA}.Debug|Any CPU.ActiveCfg = Debug|Any CPU
		{5EBF1DA3-845A-4CC1-BD98-870693326ABA}.Debug|Any CPU.Build.0 = Debug|Any CPU
		{5EBF1DA3-845A-4CC1-BD98-870693326ABA}.Release|Any CPU.ActiveCfg = Release|Any CPU
		{5EBF1DA3-845A-4CC1-BD98-870693326ABA}.Release|Any CPU.Build.0 = Release|Any CPU
	EndGlobalSection
	GlobalSection(SolutionProperties) = preSolution
		HideSolutionNode = FALSE
	EndGlobalSection
	GlobalSection(ExtensibilityGlobals) = postSolution
		SolutionGuid = {FD020722-94A8-4F96-8455-2C1ADECBD57B}
	EndGlobalSection
EndGlobal
